
Microsoft Visual Studio Solution File, Format Version 12.00
# Visual Studio Version 17
VisualStudioVersion = 17.0.31903.59
MinimumVisualStudioVersion = 10.0.40219.1
Project("{2150E333-8FDC-42A3-9474-1A3956D46DE8}") = "Core", "Core", "{FBF56CC3-7AE6-AD2D-3F14-7F97FD322CD6}"
EndProject
Project("{FAE04EC0-301F-11D3-BF4B-00C04F79EFBC}") = "Domain", "Core\Domain\Domain.csproj", "{6AF7D78A-5C27-441B-8BE3-F976D1A03BDE}"
EndProject
Project("{FAE04EC0-301F-11D3-BF4B-00C04F79EFBC}") = "Application", "Core\Application\Application.csproj", "{7DA85A95-62BE-4270-B4E9-43D1B8208EEF}"
EndProject
Project("{2150E333-8FDC-42A3-9474-1A3956D46DE8}") = "Infrastructure", "Infrastructure", "{DFEE68D8-A7D0-1A41-506C-9B74AA9A7B7B}"
EndProject
Project("{FAE04EC0-301F-11D3-BF4B-00C04F79EFBC}") = "Persistence", "Infrastructure\Persistence\Persistence.csproj", "{CFAEBECA-CC8D-4247-A514-12CDEE75B57C}"
EndProject
Project("{FAE04EC0-301F-11D3-BF4B-00C04F79EFBC}") = "Services", "Infrastructure\Services\Services.csproj", "{E1962CE2-08EA-4566-AC5A-967ABEE0DEE7}"
EndProject
Project("{2150E333-8FDC-42A3-9474-1A3956D46DE8}") = "Presentation", "Presentation", "{06CFFD70-14AA-A959-A3BA-1B15D094E3B1}"
EndProject
Project("{FAE04EC0-301F-11D3-BF4B-00C04F79EFBC}") = "WebApi", "Presentation\WebApi\WebApi.csproj", "{5AFD14E8-B385-41DB-B1F0-8E95C9F15548}"
EndProject
Global
	GlobalSection(SolutionConfigurationPlatforms) = preSolution
		Debug|Any CPU = Debug|Any CPU
		Debug|x64 = Debug|x64
		Debug|x86 = Debug|x86
		Release|Any CPU = Release|Any CPU
		Release|x64 = Release|x64
		Release|x86 = Release|x86
	EndGlobalSection
	GlobalSection(ProjectConfigurationPlatforms) = postSolution
		{6AF7D78A-5C27-441B-8BE3-F976D1A03BDE}.Debug|Any CPU.ActiveCfg = Debug|Any CPU
		{6AF7D78A-5C27-441B-8BE3-F976D1A03BDE}.Debug|Any CPU.Build.0 = Debug|Any CPU
		{6AF7D78A-5C27-441B-8BE3-F976D1A03BDE}.Debug|x64.ActiveCfg = Debug|Any CPU
		{6AF7D78A-5C27-441B-8BE3-F976D1A03BDE}.Debug|x64.Build.0 = Debug|Any CPU
		{6AF7D78A-5C27-441B-8BE3-F976D1A03BDE}.Debug|x86.ActiveCfg = Debug|Any CPU
		{6AF7D78A-5C27-441B-8BE3-F976D1A03BDE}.Debug|x86.Build.0 = Debug|Any CPU
		{6AF7D78A-5C27-441B-8BE3-F976D1A03BDE}.Release|Any CPU.ActiveCfg = Release|Any CPU
		{6AF7D78A-5C27-441B-8BE3-F976D1A03BDE}.Release|Any CPU.Build.0 = Release|Any CPU
		{6AF7D78A-5C27-441B-8BE3-F976D1A03BDE}.Release|x64.ActiveCfg = Release|Any CPU
		{6AF7D78A-5C27-441B-8BE3-F976D1A03BDE}.Release|x64.Build.0 = Release|Any CPU
		{6AF7D78A-5C27-441B-8BE3-F976D1A03BDE}.Release|x86.ActiveCfg = Release|Any CPU
		{6AF7D78A-5C27-441B-8BE3-F976D1A03BDE}.Release|x86.Build.0 = Release|Any CPU
		{7DA85A95-62BE-4270-B4E9-43D1B8208EEF}.Debug|Any CPU.ActiveCfg = Debug|Any CPU
		{7DA85A95-62BE-4270-B4E9-43D1B8208EEF}.Debug|Any CPU.Build.0 = Debug|Any CPU
		{7DA85A95-62BE-4270-B4E9-43D1B8208EEF}.Debug|x64.ActiveCfg = Debug|Any CPU
		{7DA85A95-62BE-4270-B4E9-43D1B8208EEF}.Debug|x64.Build.0 = Debug|Any CPU
		{7DA85A95-62BE-4270-B4E9-43D1B8208EEF}.Debug|x86.ActiveCfg = Debug|Any CPU
		{7DA85A95-62BE-4270-B4E9-43D1B8208EEF}.Debug|x86.Build.0 = Debug|Any CPU
		{7DA85A95-62BE-4270-B4E9-43D1B8208EEF}.Release|Any CPU.ActiveCfg = Release|Any CPU
		{7DA85A95-62BE-4270-B4E9-43D1B8208EEF}.Release|Any CPU.Build.0 = Release|Any CPU
		{7DA85A95-62BE-4270-B4E9-43D1B8208EEF}.Release|x64.ActiveCfg = Release|Any CPU
		{7DA85A95-62BE-4270-B4E9-43D1B8208EEF}.Release|x64.Build.0 = Release|Any CPU
		{7DA85A95-62BE-4270-B4E9-43D1B8208EEF}.Release|x86.ActiveCfg = Release|Any CPU
		{7DA85A95-62BE-4270-B4E9-43D1B8208EEF}.Release|x86.Build.0 = Release|Any CPU
		{CFAEBECA-CC8D-4247-A514-12CDEE75B57C}.Debug|Any CPU.ActiveCfg = Debug|Any CPU
		{CFAEBECA-CC8D-4247-A514-12CDEE75B57C}.Debug|Any CPU.Build.0 = Debug|Any CPU
		{CFAEBECA-CC8D-4247-A514-12CDEE75B57C}.Debug|x64.ActiveCfg = Debug|Any CPU
		{CFAEBECA-CC8D-4247-A514-12CDEE75B57C}.Debug|x64.Build.0 = Debug|Any CPU
		{CFAEBECA-CC8D-4247-A514-12CDEE75B57C}.Debug|x86.ActiveCfg = Debug|Any CPU
		{CFAEBECA-CC8D-4247-A514-12CDEE75B57C}.Debug|x86.Build.0 = Debug|Any CPU
		{CFAEBECA-CC8D-4247-A514-12CDEE75B57C}.Release|Any CPU.ActiveCfg = Release|Any CPU
		{CFAEBECA-CC8D-4247-A514-12CDEE75B57C}.Release|Any CPU.Build.0 = Release|Any CPU
		{CFAEBECA-CC8D-4247-A514-12CDEE75B57C}.Release|x64.ActiveCfg = Release|Any CPU
		{CFAEBECA-CC8D-4247-A514-12CDEE75B57C}.Release|x64.Build.0 = Release|Any CPU
		{CFAEBECA-CC8D-4247-A514-12CDEE75B57C}.Release|x86.ActiveCfg = Release|Any CPU
		{CFAEBECA-CC8D-4247-A514-12CDEE75B57C}.Release|x86.Build.0 = Release|Any CPU
		{E1962CE2-08EA-4566-AC5A-967ABEE0DEE7}.Debug|Any CPU.ActiveCfg = Debug|Any CPU
		{E1962CE2-08EA-4566-AC5A-967ABEE0DEE7}.Debug|Any CPU.Build.0 = Debug|Any CPU
		{E1962CE2-08EA-4566-AC5A-967ABEE0DEE7}.Debug|x64.ActiveCfg = Debug|Any CPU
		{E1962CE2-08EA-4566-AC5A-967ABEE0DEE7}.Debug|x64.Build.0 = Debug|Any CPU
		{E1962CE2-08EA-4566-AC5A-967ABEE0DEE7}.Debug|x86.ActiveCfg = Debug|Any CPU
		{E1962CE2-08EA-4566-AC5A-967ABEE0DEE7}.Debug|x86.Build.0 = Debug|Any CPU
		{E1962CE2-08EA-4566-AC5A-967ABEE0DEE7}.Release|Any CPU.ActiveCfg = Release|Any CPU
		{E1962CE2-08EA-4566-AC5A-967ABEE0DEE7}.Release|Any CPU.Build.0 = Release|Any CPU
		{E1962CE2-08EA-4566-AC5A-967ABEE0DEE7}.Release|x64.ActiveCfg = Release|Any CPU
		{E1962CE2-08EA-4566-AC5A-967ABEE0DEE7}.Release|x64.Build.0 = Release|Any CPU
		{E1962CE2-08EA-4566-AC5A-967ABEE0DEE7}.Release|x86.ActiveCfg = Release|Any CPU
		{E1962CE2-08EA-4566-AC5A-967ABEE0DEE7}.Release|x86.Build.0 = Release|Any CPU
		{5AFD14E8-B385-41DB-B1F0-8E95C9F15548}.Debug|Any CPU.ActiveCfg = Debug|Any CPU
		{5AFD14E8-B385-41DB-B1F0-8E95C9F15548}.Debug|Any CPU.Build.0 = Debug|Any CPU
		{5AFD14E8-B385-41DB-B1F0-8E95C9F15548}.Debug|x64.ActiveCfg = Debug|Any CPU
		{5AFD14E8-B385-41DB-B1F0-8E95C9F15548}.Debug|x64.Build.0 = Debug|Any CPU
		{5AFD14E8-B385-41DB-B1F0-8E95C9F15548}.Debug|x86.ActiveCfg = Debug|Any CPU
		{5AFD14E8-B385-41DB-B1F0-8E95C9F15548}.Debug|x86.Build.0 = Debug|Any CPU
		{5AFD14E8-B385-41DB-B1F0-8E95C9F15548}.Release|Any CPU.ActiveCfg = Release|Any CPU
		{5AFD14E8-B385-41DB-B1F0-8E95C9F15548}.Release|Any CPU.Build.0 = Release|Any CPU
		{5AFD14E8-B385-41DB-B1F0-8E95C9F15548}.Release|x64.ActiveCfg = Release|Any CPU
		{5AFD14E8-B385-41DB-B1F0-8E95C9F15548}.Release|x64.Build.0 = Release|Any CPU
		{5AFD14E8-B385-41DB-B1F0-8E95C9F15548}.Release|x86.ActiveCfg = Release|Any CPU
		{5AFD14E8-B385-41DB-B1F0-8E95C9F15548}.Release|x86.Build.0 = Release|Any CPU
	EndGlobalSection
	GlobalSection(SolutionProperties) = preSolution
		HideSolutionNode = FALSE
	EndGlobalSection
	GlobalSection(NestedProjects) = preSolution
		{6AF7D78A-5C27-441B-8BE3-F976D1A03BDE} = {FBF56CC3-7AE6-AD2D-3F14-7F97FD322CD6}
		{7DA85A95-62BE-4270-B4E9-43D1B8208EEF} = {FBF56CC3-7AE6-AD2D-3F14-7F97FD322CD6}
		{CFAEBECA-CC8D-4247-A514-12CDEE75B57C} = {DFEE68D8-A7D0-1A41-506C-9B74AA9A7B7B}
		{E1962CE2-08EA-4566-AC5A-967ABEE0DEE7} = {DFEE68D8-A7D0-1A41-506C-9B74AA9A7B7B}
		{5AFD14E8-B385-41DB-B1F0-8E95C9F15548} = {06CFFD70-14AA-A959-A3BA-1B15D094E3B1}
	EndGlobalSection
EndGlobal
